
Microsoft Visual Studio Solution File, Format Version 12.00
# Visual Studio Version 16
VisualStudioVersion = 16.0.28527.54
MinimumVisualStudioVersion = 10.0.40219.1
Project("{FAE04EC0-301F-11D3-BF4B-00C04F79EFBC}") = "EndianStream", "EndianStream\EndianStream.csproj", "{379B5189-3D75-4E56-93D9-1DF587706306}"
EndProject
Global
	GlobalSection(SolutionConfigurationPlatforms) = preSolution
		Debug|Any CPU = Debug|Any CPU
		Release|Any CPU = Release|Any CPU
	EndGlobalSection
	GlobalSection(ProjectConfigurationPlatforms) = postSolution
		{379B5189-3D75-4E56-93D9-1DF587706306}.Debug|Any CPU.ActiveCfg = Debug|Any CPU
		{379B5189-3D75-4E56-93D9-1DF587706306}.Debug|Any CPU.Build.0 = Debug|Any CPU
		{379B5189-3D75-4E56-93D9-1DF587706306}.Release|Any CPU.ActiveCfg = Release|Any CPU
		{379B5189-3D75-4E56-93D9-1DF587706306}.Release|Any CPU.Build.0 = Release|Any CPU
	EndGlobalSection
	GlobalSection(SolutionProperties) = preSolution
		HideSolutionNode = FALSE
	EndGlobalSection
	GlobalSection(ExtensibilityGlobals) = postSolution
		SolutionGuid = {4E33C5FB-727D-4551-9669-47B64C949C25}
	EndGlobalSection
EndGlobal
